Microsoft Visual Studio Solution File, Format Version 12.00
# Visual Studio Version 17
VisualStudioVersion = 17.5.2.0
MinimumVisualStudioVersion = 10.0.40219.1
Project("{2150E333-8FDC-42A3-9474-1A3956D46DE8}") = "semana03", "semana03", "{CC1C4F68-EE05-6554-6428-1244ADC8605A}"
EndProject
Project("{2150E333-8FDC-42A3-9474-1A3956D46DE8}") = "semana04", "semana04", "{B02F4BD1-F6B1-82DD-4D81-3B68FAC90A62}"
EndProject
Project("{2150E333-8FDC-42A3-9474-1A3956D46DE8}") = "semana05", "semana05", "{E1322F4C-27BF-331C-4BA8-E5C7720E0EDE}"
EndProject
Project("{2150E333-8FDC-42A3-9474-1A3956D46DE8}") = "semana02", "semana02", "{2789442B-8184-5A15-E626-D61427A372ED}"
EndProject
Project("{2150E333-8FDC-42A3-9474-1A3956D46DE8}") = "semana07", "semana07", "{79B8BAB1-7DC2-AF96-39FD-D76A9098A288}"
EndProject
Project("{2150E333-8FDC-42A3-9474-1A3956D46DE8}") = "semana01", "semana01", "{FEB8617B-AA7A-BBF7-025B-6E09B6F59196}"
EndProject
Project("{2150E333-8FDC-42A3-9474-1A3956D46DE8}") = "semana06", "semana06", "{99510A73-EF92-9276-193F-6914251613E0}"
EndProject
Project("{2150E333-8FDC-42A3-9474-1A3956D46DE8}") = "sandbox", "sandbox", "{3D40F055-384E-DE04-BB81-B7972E166B19}"
EndProject
Project("{FAE04EC0-301F-11D3-BF4B-00C04F79EFBC}") = "Fracoes", "semana03\Fracoes\Fracoes.csproj", "{FE26699B-186C-4206-4F2F-52F8A1306114}"
EndProject
Project("{FAE04EC0-301F-11D3-BF4B-00C04F79EFBC}") = "MemorizadorEscrituras", "semana03\MemorizadorEscrituras\MemorizadorEscrituras.csproj", "{BD53BE5A-CC9C-A54E-A1AE-3C445CA02903}"
EndProject
Project("{FAE04EC0-301F-11D3-BF4B-00C04F79EFBC}") = "VideosYouTube", "semana04\VideosYouTube\VideosYouTube.csproj", "{D003C719-BC87-7349-17CC-64DC2CE02A01}"
EndProject
Project("{FAE04EC0-301F-11D3-BF4B-00C04F79EFBC}") = "PedidosOnline", "semana04\PedidosOnline\PedidosOnline.csproj", "{3E9B1398-EAA6-D9BB-1546-B5EB181893A7}"
EndProject
Project("{FAE04EC0-301F-11D3-BF4B-00C04F79EFBC}") = "Introspeccao", "semana05\Introspeccao\Introspeccao.csproj", "{CAD77AAE-4B62-65B5-E963-8FF6570387C4}"
EndProject
Project("{FAE04EC0-301F-11D3-BF4B-00C04F79EFBC}") = "Tarefas", "semana05\Tarefas\Tarefas.csproj", "{28E7CF3F-8BBA-621B-9B72-038646F1EEF2}"
EndProject
Project("{FAE04EC0-301F-11D3-BF4B-00C04F79EFBC}") = "Curriculo", "semana02\Curriculo\Curriculo.csproj", "{689DCB99-BA94-6512-7A85-B83469672CB6}"
EndProject
Project("{FAE04EC0-301F-11D3-BF4B-00C04F79EFBC}") = "Diario", "semana02\Diario\Diario.csproj", "{63E37CFB-6E53-C4F8-2533-D56A15A2DB8D}"
EndProject
Project("{FAE04EC0-301F-11D3-BF4B-00C04F79EFBC}") = "MonitoramentoExercicios", "semana07\MonitoramentoExercicios\MonitoramentoExercicios.csproj", "{34D911FA-BB7F-F46F-3CAE-2C2C531DA9AC}"
EndProject
Project("{FAE04EC0-301F-11D3-BF4B-00C04F79EFBC}") = "Exercicio1", "semana01\Exercicio1\Exercicio1.csproj", "{493A1630-E416-D08C-085F-07DF4A649EE6}"
EndProject
Project("{FAE04EC0-301F-11D3-BF4B-00C04F79EFBC}") = "Exercicio3", "semana01\Exercicio3\Exercicio3.csproj", "{0466613E-C5FF-3BB8-B764-FAFD35783E56}"
EndProject
Project("{FAE04EC0-301F-11D3-BF4B-00C04F79EFBC}") = "Exercicio4", "semana01\Exercicio4\Exercicio4.csproj", "{27CCE173-4EA9-2644-54A2-CF5AB05106B9}"
EndProject
Project("{FAE04EC0-301F-11D3-BF4B-00C04F79EFBC}") = "Exercicio5", "semana01\Exercicio5\Exercicio5.csproj", "{149E8944-5220-13AE-4F91-00E70D9ACDA7}"
EndProject
Project("{FAE04EC0-301F-11D3-BF4B-00C04F79EFBC}") = "Exercicio2", "semana01\Exercicio2\Exercicio2.csproj", "{EBDC6DAA-A7AA-3347-D949-E9C88F5347D2}"
EndProject
Project("{FAE04EC0-301F-11D3-BF4B-00C04F79EFBC}") = "MetasEternas", "semana06\MetasEternas\MetasEternas.csproj", "{E8C5585D-DF31-D72D-80F9-D0D54388D522}"
EndProject
Project("{FAE04EC0-301F-11D3-BF4B-00C04F79EFBC}") = "Figuras", "semana06\Figuras\Figuras.csproj", "{B412E66B-4962-37BC-B876-D80C87154B32}"
EndProject
Project("{FAE04EC0-301F-11D3-BF4B-00C04F79EFBC}") = "Sandbox", "sandbox\Sandbox\Sandbox.csproj", "{F3D6030D-8DB9-6BB6-673E-D9F8A8FED9D3}"
EndProject
Global
	GlobalSection(SolutionConfigurationPlatforms) = preSolution
		Debug|Any CPU = Debug|Any CPU
		Release|Any CPU = Release|Any CPU
	EndGlobalSection
	GlobalSection(ProjectConfigurationPlatforms) = postSolution
		{FE26699B-186C-4206-4F2F-52F8A1306114}.Debug|Any CPU.ActiveCfg = Debug|Any CPU
		{FE26699B-186C-4206-4F2F-52F8A1306114}.Debug|Any CPU.Build.0 = Debug|Any CPU
		{FE26699B-186C-4206-4F2F-52F8A1306114}.Release|Any CPU.ActiveCfg = Release|Any CPU
		{FE26699B-186C-4206-4F2F-52F8A1306114}.Release|Any CPU.Build.0 = Release|Any CPU
		{BD53BE5A-CC9C-A54E-A1AE-3C445CA02903}.Debug|Any CPU.ActiveCfg = Debug|Any CPU
		{BD53BE5A-CC9C-A54E-A1AE-3C445CA02903}.Debug|Any CPU.Build.0 = Debug|Any CPU
		{BD53BE5A-CC9C-A54E-A1AE-3C445CA02903}.Release|Any CPU.ActiveCfg = Release|Any CPU
		{BD53BE5A-CC9C-A54E-A1AE-3C445CA02903}.Release|Any CPU.Build.0 = Release|Any CPU
		{D003C719-BC87-7349-17CC-64DC2CE02A01}.Debug|Any CPU.ActiveCfg = Debug|Any CPU
		{D003C719-BC87-7349-17CC-64DC2CE02A01}.Debug|Any CPU.Build.0 = Debug|Any CPU
		{D003C719-BC87-7349-17CC-64DC2CE02A01}.Release|Any CPU.ActiveCfg = Release|Any CPU
		{D003C719-BC87-7349-17CC-64DC2CE02A01}.Release|Any CPU.Build.0 = Release|Any CPU
		{3E9B1398-EAA6-D9BB-1546-B5EB181893A7}.Debug|Any CPU.ActiveCfg = Debug|Any CPU
		{3E9B1398-EAA6-D9BB-1546-B5EB181893A7}.Debug|Any CPU.Build.0 = Debug|Any CPU
		{3E9B1398-EAA6-D9BB-1546-B5EB181893A7}.Release|Any CPU.ActiveCfg = Release|Any CPU
		{3E9B1398-EAA6-D9BB-1546-B5EB181893A7}.Release|Any CPU.Build.0 = Release|Any CPU
		{CAD77AAE-4B62-65B5-E963-8FF6570387C4}.Debug|Any CPU.ActiveCfg = Debug|Any CPU
		{CAD77AAE-4B62-65B5-E963-8FF6570387C4}.Debug|Any CPU.Build.0 = Debug|Any CPU
		{CAD77AAE-4B62-65B5-E963-8FF6570387C4}.Release|Any CPU.ActiveCfg = Release|Any CPU
		{CAD77AAE-4B62-65B5-E963-8FF6570387C4}.Release|Any CPU.Build.0 = Release|Any CPU
		{28E7CF3F-8BBA-621B-9B72-038646F1EEF2}.Debug|Any CPU.ActiveCfg = Debug|Any CPU
		{28E7CF3F-8BBA-621B-9B72-038646F1EEF2}.Debug|Any CPU.Build.0 = Debug|Any CPU
		{28E7CF3F-8BBA-621B-9B72-038646F1EEF2}.Release|Any CPU.ActiveCfg = Release|Any CPU
		{28E7CF3F-8BBA-621B-9B72-038646F1EEF2}.Release|Any CPU.Build.0 = Release|Any CPU
		{689DCB99-BA94-6512-7A85-B83469672CB6}.Debug|Any CPU.ActiveCfg = Debug|Any CPU
		{689DCB99-BA94-6512-7A85-B83469672CB6}.Debug|Any CPU.Build.0 = Debug|Any CPU
		{689DCB99-BA94-6512-7A85-B83469672CB6}.Release|Any CPU.ActiveCfg = Release|Any CPU
		{689DCB99-BA94-6512-7A85-B83469672CB6}.Release|Any CPU.Build.0 = Release|Any CPU
		{63E37CFB-6E53-C4F8-2533-D56A15A2DB8D}.Debug|Any CPU.ActiveCfg = Debug|Any CPU
		{63E37CFB-6E53-C4F8-2533-D56A15A2DB8D}.Debug|Any CPU.Build.0 = Debug|Any CPU
		{63E37CFB-6E53-C4F8-2533-D56A15A2DB8D}.Release|Any CPU.ActiveCfg = Release|Any CPU
		{63E37CFB-6E53-C4F8-2533-D56A15A2DB8D}.Release|Any CPU.Build.0 = Release|Any CPU
		{34D911FA-BB7F-F46F-3CAE-2C2C531DA9AC}.Debug|Any CPU.ActiveCfg = Debug|Any CPU
		{34D911FA-BB7F-F46F-3CAE-2C2C531DA9AC}.Debug|Any CPU.Build.0 = Debug|Any CPU
		{34D911FA-BB7F-F46F-3CAE-2C2C531DA9AC}.Release|Any CPU.ActiveCfg = Release|Any CPU
		{34D911FA-BB7F-F46F-3CAE-2C2C531DA9AC}.Release|Any CPU.Build.0 = Release|Any CPU
		{493A1630-E416-D08C-085F-07DF4A649EE6}.Debug|Any CPU.ActiveCfg = Debug|Any CPU
		{493A1630-E416-D08C-085F-07DF4A649EE6}.Debug|Any CPU.Build.0 = Debug|Any CPU
		{493A1630-E416-D08C-085F-07DF4A649EE6}.Release|Any CPU.ActiveCfg = Release|Any CPU
		{493A1630-E416-D08C-085F-07DF4A649EE6}.Release|Any CPU.Build.0 = Release|Any CPU
		{0466613E-C5FF-3BB8-B764-FAFD35783E56}.Debug|Any CPU.ActiveCfg = Debug|Any CPU
		{0466613E-C5FF-3BB8-B764-FAFD35783E56}.Debug|Any CPU.Build.0 = Debug|Any CPU
		{0466613E-C5FF-3BB8-B764-FAFD35783E56}.Release|Any CPU.ActiveCfg = Release|Any CPU
		{0466613E-C5FF-3BB8-B764-FAFD35783E56}.Release|Any CPU.Build.0 = Release|Any CPU
		{27CCE173-4EA9-2644-54A2-CF5AB05106B9}.Debug|Any CPU.ActiveCfg = Debug|Any CPU
		{27CCE173-4EA9-2644-54A2-CF5AB05106B9}.Debug|Any CPU.Build.0 = Debug|Any CPU
		{27CCE173-4EA9-2644-54A2-CF5AB05106B9}.Release|Any CPU.ActiveCfg = Release|Any CPU
		{27CCE173-4EA9-2644-54A2-CF5AB05106B9}.Release|Any CPU.Build.0 = Release|Any CPU
		{149E8944-5220-13AE-4F91-00E70D9ACDA7}.Debug|Any CPU.ActiveCfg = Debug|Any CPU
		{149E8944-5220-13AE-4F91-00E70D9ACDA7}.Debug|Any CPU.Build.0 = Debug|Any CPU
		{149E8944-5220-13AE-4F91-00E70D9ACDA7}.Release|Any CPU.ActiveCfg = Release|Any CPU
		{149E8944-5220-13AE-4F91-00E70D9ACDA7}.Release|Any CPU.Build.0 = Release|Any CPU
		{EBDC6DAA-A7AA-3347-D949-E9C88F5347D2}.Debug|Any CPU.ActiveCfg = Debug|Any CPU
		{EBDC6DAA-A7AA-3347-D949-E9C88F5347D2}.Debug|Any CPU.Build.0 = Debug|Any CPU
		{EBDC6DAA-A7AA-3347-D949-E9C88F5347D2}.Release|Any CPU.ActiveCfg = Release|Any CPU
		{EBDC6DAA-A7AA-3347-D949-E9C88F5347D2}.Release|Any CPU.Build.0 = Release|Any CPU
		{E8C5585D-DF31-D72D-80F9-D0D54388D522}.Debug|Any CPU.ActiveCfg = Debug|Any CPU
		{E8C5585D-DF31-D72D-80F9-D0D54388D522}.Debug|Any CPU.Build.0 = Debug|Any CPU
		{E8C5585D-DF31-D72D-80F9-D0D54388D522}.Release|Any CPU.ActiveCfg = Release|Any CPU
		{E8C5585D-DF31-D72D-80F9-D0D54388D522}.Release|Any CPU.Build.0 = Release|Any CPU
		{B412E66B-4962-37BC-B876-D80C87154B32}.Debug|Any CPU.ActiveCfg = Debug|Any CPU
		{B412E66B-4962-37BC-B876-D80C87154B32}.Debug|Any CPU.Build.0 = Debug|Any CPU
		{B412E66B-4962-37BC-B876-D80C87154B32}.Release|Any CPU.ActiveCfg = Release|Any CPU
		{B412E66B-4962-37BC-B876-D80C87154B32}.Release|Any CPU.Build.0 = Release|Any CPU
		{F3D6030D-8DB9-6BB6-673E-D9F8A8FED9D3}.Debug|Any CPU.ActiveCfg = Debug|Any CPU
		{F3D6030D-8DB9-6BB6-673E-D9F8A8FED9D3}.Debug|Any CPU.Build.0 = Debug|Any CPU
		{F3D6030D-8DB9-6BB6-673E-D9F8A8FED9D3}.Release|Any CPU.ActiveCfg = Release|Any CPU
		{F3D6030D-8DB9-6BB6-673E-D9F8A8FED9D3}.Release|Any CPU.Build.0 = Release|Any CPU
	EndGlobalSection
	GlobalSection(SolutionProperties) = preSolution
		HideSolutionNode = FALSE
	EndGlobalSection
	GlobalSection(NestedProjects) = preSolution
		{FE26699B-186C-4206-4F2F-52F8A1306114} = {CC1C4F68-EE05-6554-6428-1244ADC8605A}
		{BD53BE5A-CC9C-A54E-A1AE-3C445CA02903} = {CC1C4F68-EE05-6554-6428-1244ADC8605A}
		{D003C719-BC87-7349-17CC-64DC2CE02A01} = {B02F4BD1-F6B1-82DD-4D81-3B68FAC90A62}
		{3E9B1398-EAA6-D9BB-1546-B5EB181893A7} = {B02F4BD1-F6B1-82DD-4D81-3B68FAC90A62}
		{CAD77AAE-4B62-65B5-E963-8FF6570387C4} = {E1322F4C-27BF-331C-4BA8-E5C7720E0EDE}
		{28E7CF3F-8BBA-621B-9B72-038646F1EEF2} = {E1322F4C-27BF-331C-4BA8-E5C7720E0EDE}
		{689DCB99-BA94-6512-7A85-B83469672CB6} = {2789442B-8184-5A15-E626-D61427A372ED}
		{63E37CFB-6E53-C4F8-2533-D56A15A2DB8D} = {2789442B-8184-5A15-E626-D61427A372ED}
		{34D911FA-BB7F-F46F-3CAE-2C2C531DA9AC} = {79B8BAB1-7DC2-AF96-39FD-D76A9098A288}
		{493A1630-E416-D08C-085F-07DF4A649EE6} = {FEB8617B-AA7A-BBF7-025B-6E09B6F59196}
		{0466613E-C5FF-3BB8-B764-FAFD35783E56} = {FEB8617B-AA7A-BBF7-025B-6E09B6F59196}
		{27CCE173-4EA9-2644-54A2-CF5AB05106B9} = {FEB8617B-AA7A-BBF7-025B-6E09B6F59196}
		{149E8944-5220-13AE-4F91-00E70D9ACDA7} = {FEB8617B-AA7A-BBF7-025B-6E09B6F59196}
		{EBDC6DAA-A7AA-3347-D949-E9C88F5347D2} = {FEB8617B-AA7A-BBF7-025B-6E09B6F59196}
		{E8C5585D-DF31-D72D-80F9-D0D54388D522} = {99510A73-EF92-9276-193F-6914251613E0}
		{B412E66B-4962-37BC-B876-D80C87154B32} = {99510A73-EF92-9276-193F-6914251613E0}
		{F3D6030D-8DB9-6BB6-673E-D9F8A8FED9D3} = {3D40F055-384E-DE04-BB81-B7972E166B19}
	EndGlobalSection
	GlobalSection(ExtensibilityGlobals) = postSolution
		SolutionGuid = {35FD1933-4836-4D4E-A53E-B00893318845}
	EndGlobalSection
EndGlobal
